
Microsoft Visual Studio Solution File, Format Version 12.00
# Visual Studio 15
VisualStudioVersion = 15.0.27130.2024
MinimumVisualStudioVersion = 10.0.40219.1
Project("{FAE04EC0-301F-11D3-BF4B-00C04F79EFBC}") = "Lab3", "Lab3\Lab3.csproj", "{EC5A13B4-C540-48BA-A020-3BAB9B44FA0C}"
EndProject
Global
	GlobalSection(SolutionConfigurationPlatforms) = preSolution
		Debug|Any CPU = Debug|Any CPU
		Release|Any CPU = Release|Any CPU
	EndGlobalSection
	GlobalSection(ProjectConfigurationPlatforms) = postSolution
		{EC5A13B4-C540-48BA-A020-3BAB9B44FA0C}.Debug|Any CPU.ActiveCfg = Debug|Any CPU
		{EC5A13B4-C540-48BA-A020-3BAB9B44FA0C}.Debug|Any CPU.Build.0 = Debug|Any CPU
		{EC5A13B4-C540-48BA-A020-3BAB9B44FA0C}.Release|Any CPU.ActiveCfg = Release|Any CPU
		{EC5A13B4-C540-48BA-A020-3BAB9B44FA0C}.Release|Any CPU.Build.0 = Release|Any CPU
	EndGlobalSection
	GlobalSection(SolutionProperties) = preSolution
		HideSolutionNode = FALSE
	EndGlobalSection
	GlobalSection(ExtensibilityGlobals) = postSolution
		SolutionGuid = {D8EECF7F-CC2E-44EA-8ECE-54C4A13F3186}
	EndGlobalSection
EndGlobal
